
Microsoft Visual Studio Solution File, Format Version 12.00
# Visual Studio Version 17
VisualStudioVersion = 17.10.35122.118
MinimumVisualStudioVersion = 10.0.40219.1
Project("{2150E333-8FDC-42A3-9474-1A3956D46DE8}") = "src", "src", "{0EFE11CB-F13F-4CAF-87DF-30300ACE64E4}"
EndProject
Project("{9A19103F-16F7-4668-BE54-9A1E7A4F7556}") = "TodoApp.Api", "src\TodoApp.Api\TodoApp.Api.csproj", "{11C82082-4B32-49F4-9800-6EE0224171F9}"
EndProject
Project("{9A19103F-16F7-4668-BE54-9A1E7A4F7556}") = "Domain", "src\Domain\Domain.csproj", "{99809E1E-1054-4731-9BAA-DE60A5B38857}"
EndProject
Project("{9A19103F-16F7-4668-BE54-9A1E7A4F7556}") = "Infra", "src\Infra\Infra.csproj", "{52C9C013-4499-4865-BD9A-31489A17F4C9}"
EndProject
Project("{9A19103F-16F7-4668-BE54-9A1E7A4F7556}") = "TodoApp.Api.DTO", "src\TodoApp.DTO\TodoApp.Api.DTO.csproj", "{1AD2D78F-82F9-447E-92B6-F9DE3A3A0207}"
EndProject
Project("{2150E333-8FDC-42A3-9474-1A3956D46DE8}") = "test", "test", "{808849BD-94FA-46DF-B2C8-8F1C7BA61424}"
EndProject
Project("{9A19103F-16F7-4668-BE54-9A1E7A4F7556}") = "Domain.Test", "test\Domain.Test\Domain.Test.csproj", "{23DD2DDD-8B93-400A-855A-04D59CABE32E}"
EndProject
Project("{9A19103F-16F7-4668-BE54-9A1E7A4F7556}") = "Infra.Test", "test\Infra.Test\Infra.Test.csproj", "{BF30BD7F-4D4F-45C4-A2AB-8B24F631B655}"
EndProject
Project("{2150E333-8FDC-42A3-9474-1A3956D46DE8}") = "frontend", "frontend", "{F4070649-71E7-48C5-B3EF-ECDA4FA85496}"
EndProject
Project("{9A19103F-16F7-4668-BE54-9A1E7A4F7556}") = "TodoApp.Client.Domain", "frontend\TodoApp.Client.Domain\TodoApp.Client.Domain.csproj", "{C7E129EA-E7EB-45D9-B338-93B2145CAEBB}"
EndProject
Project("{9A19103F-16F7-4668-BE54-9A1E7A4F7556}") = "TodoApp.Client", "frontend\TodoApp.Client\TodoApp.Client.csproj", "{22B9D1C4-0A67-4732-90B3-77E1A5420A50}"
EndProject
Project("{FAE04EC0-301F-11D3-BF4B-00C04F79EFBC}") = "TodoApp.Api.Test", "test\TodoApp.Api.Test\TodoApp.Api.Test.csproj", "{E0EB21CA-BBEB-4818-9A34-581750F42729}"
EndProject
Project("{FAE04EC0-301F-11D3-BF4B-00C04F79EFBC}") = "TodoApp.Client.Test", "test\TodoApp.Client.Test\TodoApp.Client.Test.csproj", "{8263AD43-5435-4BA7-A37A-EF016D3E9B06}"
EndProject
Project("{FAE04EC0-301F-11D3-BF4B-00C04F79EFBC}") = "TodoApp.Api.ServiceDefaults", "src\TodoApp.Api.ServiceDefaults\TodoApp.Api.ServiceDefaults.csproj", "{68C157D2-7F23-43BE-8782-31750E86DA13}"
EndProject
Global
	GlobalSection(SolutionConfigurationPlatforms) = preSolution
		Debug|Any CPU = Debug|Any CPU
		Release|Any CPU = Release|Any CPU
	EndGlobalSection
	GlobalSection(ProjectConfigurationPlatforms) = postSolution
		{11C82082-4B32-49F4-9800-6EE0224171F9}.Debug|Any CPU.ActiveCfg = Debug|Any CPU
		{11C82082-4B32-49F4-9800-6EE0224171F9}.Debug|Any CPU.Build.0 = Debug|Any CPU
		{11C82082-4B32-49F4-9800-6EE0224171F9}.Release|Any CPU.ActiveCfg = Release|Any CPU
		{11C82082-4B32-49F4-9800-6EE0224171F9}.Release|Any CPU.Build.0 = Release|Any CPU
		{99809E1E-1054-4731-9BAA-DE60A5B38857}.Debug|Any CPU.ActiveCfg = Debug|Any CPU
		{99809E1E-1054-4731-9BAA-DE60A5B38857}.Debug|Any CPU.Build.0 = Debug|Any CPU
		{99809E1E-1054-4731-9BAA-DE60A5B38857}.Release|Any CPU.ActiveCfg = Release|Any CPU
		{99809E1E-1054-4731-9BAA-DE60A5B38857}.Release|Any CPU.Build.0 = Release|Any CPU
		{52C9C013-4499-4865-BD9A-31489A17F4C9}.Debug|Any CPU.ActiveCfg = Debug|Any CPU
		{52C9C013-4499-4865-BD9A-31489A17F4C9}.Debug|Any CPU.Build.0 = Debug|Any CPU
		{52C9C013-4499-4865-BD9A-31489A17F4C9}.Release|Any CPU.ActiveCfg = Release|Any CPU
		{52C9C013-4499-4865-BD9A-31489A17F4C9}.Release|Any CPU.Build.0 = Release|Any CPU
		{1AD2D78F-82F9-447E-92B6-F9DE3A3A0207}.Debug|Any CPU.ActiveCfg = Debug|Any CPU
		{1AD2D78F-82F9-447E-92B6-F9DE3A3A0207}.Debug|Any CPU.Build.0 = Debug|Any CPU
		{1AD2D78F-82F9-447E-92B6-F9DE3A3A0207}.Release|Any CPU.ActiveCfg = Release|Any CPU
		{1AD2D78F-82F9-447E-92B6-F9DE3A3A0207}.Release|Any CPU.Build.0 = Release|Any CPU
		{23DD2DDD-8B93-400A-855A-04D59CABE32E}.Debug|Any CPU.ActiveCfg = Debug|Any CPU
		{23DD2DDD-8B93-400A-855A-04D59CABE32E}.Debug|Any CPU.Build.0 = Debug|Any CPU
		{23DD2DDD-8B93-400A-855A-04D59CABE32E}.Release|Any CPU.ActiveCfg = Release|Any CPU
		{23DD2DDD-8B93-400A-855A-04D59CABE32E}.Release|Any CPU.Build.0 = Release|Any CPU
		{BF30BD7F-4D4F-45C4-A2AB-8B24F631B655}.Debug|Any CPU.ActiveCfg = Debug|Any CPU
		{BF30BD7F-4D4F-45C4-A2AB-8B24F631B655}.Debug|Any CPU.Build.0 = Debug|Any CPU
		{BF30BD7F-4D4F-45C4-A2AB-8B24F631B655}.Release|Any CPU.ActiveCfg = Release|Any CPU
		{BF30BD7F-4D4F-45C4-A2AB-8B24F631B655}.Release|Any CPU.Build.0 = Release|Any CPU
		{C7E129EA-E7EB-45D9-B338-93B2145CAEBB}.Debug|Any CPU.ActiveCfg = Debug|Any CPU
		{C7E129EA-E7EB-45D9-B338-93B2145CAEBB}.Debug|Any CPU.Build.0 = Debug|Any CPU
		{C7E129EA-E7EB-45D9-B338-93B2145CAEBB}.Release|Any CPU.ActiveCfg = Release|Any CPU
		{C7E129EA-E7EB-45D9-B338-93B2145CAEBB}.Release|Any CPU.Build.0 = Release|Any CPU
		{22B9D1C4-0A67-4732-90B3-77E1A5420A50}.Debug|Any CPU.ActiveCfg = Debug|Any CPU
		{22B9D1C4-0A67-4732-90B3-77E1A5420A50}.Debug|Any CPU.Build.0 = Debug|Any CPU
		{22B9D1C4-0A67-4732-90B3-77E1A5420A50}.Release|Any CPU.ActiveCfg = Release|Any CPU
		{22B9D1C4-0A67-4732-90B3-77E1A5420A50}.Release|Any CPU.Build.0 = Release|Any CPU
		{E0EB21CA-BBEB-4818-9A34-581750F42729}.Debug|Any CPU.ActiveCfg = Debug|Any CPU
		{E0EB21CA-BBEB-4818-9A34-581750F42729}.Debug|Any CPU.Build.0 = Debug|Any CPU
		{E0EB21CA-BBEB-4818-9A34-581750F42729}.Release|Any CPU.ActiveCfg = Release|Any CPU
		{E0EB21CA-BBEB-4818-9A34-581750F42729}.Release|Any CPU.Build.0 = Release|Any CPU
		{8263AD43-5435-4BA7-A37A-EF016D3E9B06}.Debug|Any CPU.ActiveCfg = Debug|Any CPU
		{8263AD43-5435-4BA7-A37A-EF016D3E9B06}.Debug|Any CPU.Build.0 = Debug|Any CPU
		{8263AD43-5435-4BA7-A37A-EF016D3E9B06}.Release|Any CPU.ActiveCfg = Release|Any CPU
		{8263AD43-5435-4BA7-A37A-EF016D3E9B06}.Release|Any CPU.Build.0 = Release|Any CPU
		{68C157D2-7F23-43BE-8782-31750E86DA13}.Debug|Any CPU.ActiveCfg = Debug|Any CPU
		{68C157D2-7F23-43BE-8782-31750E86DA13}.Debug|Any CPU.Build.0 = Debug|Any CPU
		{68C157D2-7F23-43BE-8782-31750E86DA13}.Release|Any CPU.ActiveCfg = Release|Any CPU
		{68C157D2-7F23-43BE-8782-31750E86DA13}.Release|Any CPU.Build.0 = Release|Any CPU
	EndGlobalSection
	GlobalSection(SolutionProperties) = preSolution
		HideSolutionNode = FALSE
	EndGlobalSection
	GlobalSection(NestedProjects) = preSolution
		{11C82082-4B32-49F4-9800-6EE0224171F9} = {0EFE11CB-F13F-4CAF-87DF-30300ACE64E4}
		{99809E1E-1054-4731-9BAA-DE60A5B38857} = {0EFE11CB-F13F-4CAF-87DF-30300ACE64E4}
		{52C9C013-4499-4865-BD9A-31489A17F4C9} = {0EFE11CB-F13F-4CAF-87DF-30300ACE64E4}
		{1AD2D78F-82F9-447E-92B6-F9DE3A3A0207} = {0EFE11CB-F13F-4CAF-87DF-30300ACE64E4}
		{23DD2DDD-8B93-400A-855A-04D59CABE32E} = {808849BD-94FA-46DF-B2C8-8F1C7BA61424}
		{BF30BD7F-4D4F-45C4-A2AB-8B24F631B655} = {808849BD-94FA-46DF-B2C8-8F1C7BA61424}
		{C7E129EA-E7EB-45D9-B338-93B2145CAEBB} = {F4070649-71E7-48C5-B3EF-ECDA4FA85496}
		{22B9D1C4-0A67-4732-90B3-77E1A5420A50} = {F4070649-71E7-48C5-B3EF-ECDA4FA85496}
		{E0EB21CA-BBEB-4818-9A34-581750F42729} = {808849BD-94FA-46DF-B2C8-8F1C7BA61424}
		{8263AD43-5435-4BA7-A37A-EF016D3E9B06} = {808849BD-94FA-46DF-B2C8-8F1C7BA61424}
		{68C157D2-7F23-43BE-8782-31750E86DA13} = {0EFE11CB-F13F-4CAF-87DF-30300ACE64E4}
	EndGlobalSection
	GlobalSection(ExtensibilityGlobals) = postSolution
		SolutionGuid = {F190021A-F2B9-4EF9-B77D-BD035C0D94D6}
	EndGlobalSection
EndGlobal
